// !$*UTF8*$!
{
	archiveVersion = 1;
	classes = {
	};
	objectVersion = 51;
	objects = {

/* Begin PBXBuildFile section */
		1E4817F3283BB035EEEF19D6 /* Pods_Na_atPeople_Na_atPeopleUITests.framework in Frameworks */ = {isa = PBXBuildFile; fileRef = D1E6C8ED015BC1273C125C59 /* Pods_Na_atPeople_Na_atPeopleUITests.framework */; };
		1FD61E5380A81480B37A2035 /* Pods_Na_atPeopleTests.framework in Frameworks */ = {isa = PBXBuildFile; fileRef = 6B336EC90E9E209D3DA8FBD1 /* Pods_Na_atPeopleTests.framework */; };
		3CA4576B926C91ED0809CC12 /* Pods_Na_atPeople.framework in Frameworks */ = {isa = PBXBuildFile; fileRef = 0202DC4DF55B254A2A9C09CD /* Pods_Na_atPeople.framework */; };
		4815A7FD273AEFA400452D7D /* Europa Bold.ttf in Resources */ = {isa = PBXBuildFile; fileRef = 4815A7FB273AED4D00452D7D /* Europa Bold.ttf */; };
		4815A7FE273AEFA900452D7D /* Proxima Nova LightItalic.otf in Resources */ = {isa = PBXBuildFile; fileRef = 4815A7FA273AED4D00452D7D /* Proxima Nova LightItalic.otf */; };
		4815A7FF273AEFAC00452D7D /* Proxima Nova SemiboldItalic.otf in Resources */ = {isa = PBXBuildFile; fileRef = 4815A7F5273AED4D00452D7D /* Proxima Nova SemiboldItalic.otf */; };
		4815A800273AEFB700452D7D /* Europa Regular.ttf in Resources */ = {isa = PBXBuildFile; fileRef = 4815A7F6273AED4D00452D7D /* Europa Regular.ttf */; };
		4815A801273AEFC100452D7D /* Nunito Sans Regular.ttf in Resources */ = {isa = PBXBuildFile; fileRef = 4815A7F7273AED4D00452D7D /* Nunito Sans Regular.ttf */; };
		4815A802273AEFC400452D7D /* Proxima Nova RegularItalic.otf in Resources */ = {isa = PBXBuildFile; fileRef = 4815A7F8273AED4D00452D7D /* Proxima Nova RegularItalic.otf */; };
		4815A803273AEFCA00452D7D /* Nunito Sans BoldItalic.ttf in Resources */ = {isa = PBXBuildFile; fileRef = 4815A7F9273AED4D00452D7D /* Nunito Sans BoldItalic.ttf */; };
		4815A804273AEFD500452D7D /* Nunito Sans SemiBoldItalic.ttf in Resources */ = {isa = PBXBuildFile; fileRef = 4815A7FC273AED4D00452D7D /* Nunito Sans SemiBoldItalic.ttf */; };
		4815A805273AEFF500452D7D /* Europa Bold.ttf in Resources */ = {isa = PBXBuildFile; fileRef = 4815A7FB273AED4D00452D7D /* Europa Bold.ttf */; };
		4815A806273AEFF600452D7D /* Europa Bold.ttf in Resources */ = {isa = PBXBuildFile; fileRef = 4815A7FB273AED4D00452D7D /* Europa Bold.ttf */; };
		4815A808273BB32D00452D7D /* HomeViewController.swift in Sources */ = {isa = PBXBuildFile; fileRef = 4815A807273BB32C00452D7D /* HomeViewController.swift */; };
		4815A80A273BB40600452D7D /* NotificationViewController.swift in Sources */ = {isa = PBXBuildFile; fileRef = 4815A809273BB40600452D7D /* NotificationViewController.swift */; };
		4815A80C273BB41C00452D7D /* ActivityViewController.swift in Sources */ = {isa = PBXBuildFile; fileRef = 4815A80B273BB41C00452D7D /* ActivityViewController.swift */; };
		4815A80E273BBAF400452D7D /* Tools.swift in Sources */ = {isa = PBXBuildFile; fileRef = 4815A80D273BBAF400452D7D /* Tools.swift */; };
		4815A813273BBF0B00452D7D /* HeaderView.swift in Sources */ = {isa = PBXBuildFile; fileRef = 4815A812273BBF0B00452D7D /* HeaderView.swift */; };
		4815A815273BBF2300452D7D /* HeaderView.xib in Resources */ = {isa = PBXBuildFile; fileRef = 4815A814273BBF2300452D7D /* HeaderView.xib */; };
		4815A817273BBF5E00452D7D /* SecondHeaderView.swift in Sources */ = {isa = PBXBuildFile; fileRef = 4815A816273BBF5E00452D7D /* SecondHeaderView.swift */; };
		4815A819273BBF6C00452D7D /* SecondHeaderView.xib in Resources */ = {isa = PBXBuildFile; fileRef = 4815A818273BBF6C00452D7D /* SecondHeaderView.xib */; };
		483CDDAA273D07C7008C105F /* GoogleService-Info.plist in Resources */ = {isa = PBXBuildFile; fileRef = 483CDDA9273D07C7008C105F /* GoogleService-Info.plist */; };
		483D955B273DA1CB0070B1B7 /* NewDetailViewController.swift in Sources */ = {isa = PBXBuildFile; fileRef = 483D955A273DA1CB0070B1B7 /* NewDetailViewController.swift */; };
		488C8631273ADF4B007F0FE7 /* AppDelegate.swift in Sources */ = {isa = PBXBuildFile; fileRef = 488C8630273ADF4B007F0FE7 /* AppDelegate.swift */; };
		488C8633273ADF4B007F0FE7 /* SceneDelegate.swift in Sources */ = {isa = PBXBuildFile; fileRef = 488C8632273ADF4B007F0FE7 /* SceneDelegate.swift */; };
		488C8635273ADF4B007F0FE7 /* ViewController.swift in Sources */ = {isa = PBXBuildFile; fileRef = 488C8634273ADF4B007F0FE7 /* ViewController.swift */; };
		488C8638273ADF4B007F0FE7 /* Main.storyboard in Resources */ = {isa = PBXBuildFile; fileRef = 488C8636273ADF4B007F0FE7 /* Main.storyboard */; };
		488C863A273ADF4B007F0FE7 /* Assets.xcassets in Resources */ = {isa = PBXBuildFile; fileRef = 488C8639273ADF4B007F0FE7 /* Assets.xcassets */; };
		488C863D273ADF4B007F0FE7 /* LaunchScreen.storyboard in Resources */ = {isa = PBXBuildFile; fileRef = 488C863B273ADF4B007F0FE7 /* LaunchScreen.storyboard */; };
		488C8648273ADF4B007F0FE7 /* Na_atPeopleTests.swift in Sources */ = {isa = PBXBuildFile; fileRef = 488C8647273ADF4B007F0FE7 /* Na_atPeopleTests.swift */; };
		488C8653273ADF4B007F0FE7 /* Na_atPeopleUITests.swift in Sources */ = {isa = PBXBuildFile; fileRef = 488C8652273ADF4B007F0FE7 /* Na_atPeopleUITests.swift */; };
		488C8666273AE059007F0FE7 /* Constants.swift in Sources */ = {isa = PBXBuildFile; fileRef = 488C8665273AE059007F0FE7 /* Constants.swift */; };
		489AF2D4273CD7170096C6B3 /* NewsCellTableViewCell.swift in Sources */ = {isa = PBXBuildFile; fileRef = 489AF2D2273CD7170096C6B3 /* NewsCellTableViewCell.swift */; };
		489AF2D5273CD7170096C6B3 /* NewsCellTableViewCell.xib in Resources */ = {isa = PBXBuildFile; fileRef = 489AF2D3273CD7170096C6B3 /* NewsCellTableViewCell.xib */; };
		48A01B68273F074F00FCDA92 /* ActivityRecordsTableViewCell.swift in Sources */ = {isa = PBXBuildFile; fileRef = 48A01B66273F074F00FCDA92 /* ActivityRecordsTableViewCell.swift */; };
		48A01B69273F074F00FCDA92 /* ActivityRecordsTableViewCell.xib in Resources */ = {isa = PBXBuildFile; fileRef = 48A01B67273F074F00FCDA92 /* ActivityRecordsTableViewCell.xib */; };
		48DDE95D273C1EFA0027CBCB /* Response.swift in Sources */ = {isa = PBXBuildFile; fileRef = 48DDE95C273C1EFA0027CBCB /* Response.swift */; };
		48DDE95F273C1F080027CBCB /* Request.swift in Sources */ = {isa = PBXBuildFile; fileRef = 48DDE95E273C1F080027CBCB /* Request.swift */; };
		48DDE961273C39D00027CBCB /* TabBarViewController.swift in Sources */ = {isa = PBXBuildFile; fileRef = 48DDE960273C39D00027CBCB /* TabBarViewController.swift */; };
/* End PBXBuildFile section */

/* Begin PBXContainerItemProxy section */
		488C8644273ADF4B007F0FE7 /* PBXContainerItemProxy */ = {
			isa = PBXContainerItemProxy;
			containerPortal = 488C8625273ADF4B007F0FE7 /* Project object */;
			proxyType = 1;
			remoteGlobalIDString = 488C862C273ADF4B007F0FE7;
			remoteInfo = "Na-atPeople";
		};
		488C864F273ADF4B007F0FE7 /* PBXContainerItemProxy */ = {
			isa = PBXContainerItemProxy;
			containerPortal = 488C8625273ADF4B007F0FE7 /* Project object */;
			proxyType = 1;
			remoteGlobalIDString = 488C862C273ADF4B007F0FE7;
			remoteInfo = "Na-atPeople";
		};
/* End PBXContainerItemProxy section */

/* Begin PBXFileReference section */
		0202DC4DF55B254A2A9C09CD /* Pods_Na_atPeople.framework */ = {isa = PBXFileReference; explicitFileType = wrapper.framework; includeInIndex = 0; path = Pods_Na_atPeople.framework; sourceTree = BUILT_PRODUCTS_DIR; };
		2265E0EE93BE6717DF5D5815 /* Pods-Na-atPeopleTests.debug.xcconfig */ = {isa = PBXFileReference; includeInIndex = 1; lastKnownFileType = text.xcconfig; name = "Pods-Na-atPeopleTests.debug.xcconfig"; path = "Target Support Files/Pods-Na-atPeopleTests/Pods-Na-atPeopleTests.debug.xcconfig"; sourceTree = "<group>"; };
		22A53A9F17A66DE538082166 /* Pods-Na-atPeople-Na-atPeopleUITests.debug.xcconfig */ = {isa = PBXFileReference; includeInIndex = 1; lastKnownFileType = text.xcconfig; name = "Pods-Na-atPeople-Na-atPeopleUITests.debug.xcconfig"; path = "Target Support Files/Pods-Na-atPeople-Na-atPeopleUITests/Pods-Na-atPeople-Na-atPeopleUITests.debug.xcconfig"; sourceTree = "<group>"; };
		39DE27FA3AA1B705B6D48E77 /* Pods-Na-atPeople-Na-atPeopleUITests.release.xcconfig */ = {isa = PBXFileReference; includeInIndex = 1; lastKnownFileType = text.xcconfig; name = "Pods-Na-atPeople-Na-atPeopleUITests.release.xcconfig"; path = "Target Support Files/Pods-Na-atPeople-Na-atPeopleUITests/Pods-Na-atPeople-Na-atPeopleUITests.release.xcconfig"; sourceTree = "<group>"; };
		431264F78861957F7DDA3D40 /* Pods-Na-atPeople.debug.xcconfig */ = {isa = PBXFileReference; includeInIndex = 1; lastKnownFileType = text.xcconfig; name = "Pods-Na-atPeople.debug.xcconfig"; path = "Target Support Files/Pods-Na-atPeople/Pods-Na-atPeople.debug.xcconfig"; sourceTree = "<group>"; };
		4815A7F5273AED4D00452D7D /* Proxima Nova SemiboldItalic.otf */ = {isa = PBXFileReference; lastKnownFileType = file; path = "Proxima Nova SemiboldItalic.otf"; sourceTree = "<group>"; };
		4815A7F6273AED4D00452D7D /* Europa Regular.ttf */ = {isa = PBXFileReference; lastKnownFileType = file; path = "Europa Regular.ttf"; sourceTree = "<group>"; };
		4815A7F7273AED4D00452D7D /* Nunito Sans Regular.ttf */ = {isa = PBXFileReference; lastKnownFileType = file; path = "Nunito Sans Regular.ttf"; sourceTree = "<group>"; };
		4815A7F8273AED4D00452D7D /* Proxima Nova RegularItalic.otf */ = {isa = PBXFileReference; lastKnownFileType = file; path = "Proxima Nova RegularItalic.otf"; sourceTree = "<group>"; };
		4815A7F9273AED4D00452D7D /* Nunito Sans BoldItalic.ttf */ = {isa = PBXFileReference; lastKnownFileType = file; path = "Nunito Sans BoldItalic.ttf"; sourceTree = "<group>"; };
		4815A7FA273AED4D00452D7D /* Proxima Nova LightItalic.otf */ = {isa = PBXFileReference; lastKnownFileType = file; path = "Proxima Nova LightItalic.otf"; sourceTree = "<group>"; };
		4815A7FB273AED4D00452D7D /* Europa Bold.ttf */ = {isa = PBXFileReference; lastKnownFileType = file; path = "Europa Bold.ttf"; sourceTree = "<group>"; };
		4815A7FC273AED4D00452D7D /* Nunito Sans SemiBoldItalic.ttf */ = {isa = PBXFileReference; lastKnownFileType = file; path = "Nunito Sans SemiBoldItalic.ttf"; sourceTree = "<group>"; };
		4815A807273BB32C00452D7D /* HomeViewController.swift */ = {isa = PBXFileReference; lastKnownFileType = sourcecode.swift; path = HomeViewController.swift; sourceTree = "<group>"; };
		4815A809273BB40600452D7D /* NotificationViewController.swift */ = {isa = PBXFileReference; lastKnownFileType = sourcecode.swift; path = NotificationViewController.swift; sourceTree = "<group>"; };
		4815A80B273BB41C00452D7D /* ActivityViewController.swift */ = {isa = PBXFileReference; lastKnownFileType = sourcecode.swift; path = ActivityViewController.swift; sourceTree = "<group>"; };
		4815A80D273BBAF400452D7D /* Tools.swift */ = {isa = PBXFileReference; lastKnownFileType = sourcecode.swift; path = Tools.swift; sourceTree = "<group>"; };
		4815A812273BBF0B00452D7D /* HeaderView.swift */ = {isa = PBXFileReference; lastKnownFileType = sourcecode.swift; path = HeaderView.swift; sourceTree = "<group>"; };
		4815A814273BBF2300452D7D /* HeaderView.xib */ = {isa = PBXFileReference; lastKnownFileType = file.xib; path = HeaderView.xib; sourceTree = "<group>"; };
		4815A816273BBF5E00452D7D /* SecondHeaderView.swift */ = {isa = PBXFileReference; lastKnownFileType = sourcecode.swift; path = SecondHeaderView.swift; sourceTree = "<group>"; };
		4815A818273BBF6C00452D7D /* SecondHeaderView.xib */ = {isa = PBXFileReference; lastKnownFileType = file.xib; path = SecondHeaderView.xib; sourceTree = "<group>"; };
		483CDDA9273D07C7008C105F /* GoogleService-Info.plist */ = {isa = PBXFileReference; fileEncoding = 4; lastKnownFileType = text.plist.xml; path = "GoogleService-Info.plist"; sourceTree = "<group>"; };
		483D955A273DA1CB0070B1B7 /* NewDetailViewController.swift */ = {isa = PBXFileReference; lastKnownFileType = sourcecode.swift; path = NewDetailViewController.swift; sourceTree = "<group>"; };
		488C862D273ADF4B007F0FE7 /* Na-atPeople.app */ = {isa = PBXFileReference; explicitFileType = wrapper.application; includeInIndex = 0; path = "Na-atPeople.app"; sourceTree = BUILT_PRODUCTS_DIR; };
		488C8630273ADF4B007F0FE7 /* AppDelegate.swift */ = {isa = PBXFileReference; lastKnownFileType = sourcecode.swift; path = AppDelegate.swift; sourceTree = "<group>"; };
		488C8632273ADF4B007F0FE7 /* SceneDelegate.swift */ = {isa = PBXFileReference; lastKnownFileType = sourcecode.swift; path = SceneDelegate.swift; sourceTree = "<group>"; };
		488C8634273ADF4B007F0FE7 /* ViewController.swift */ = {isa = PBXFileReference; lastKnownFileType = sourcecode.swift; path = ViewController.swift; sourceTree = "<group>"; };
		488C8637273ADF4B007F0FE7 /* Base */ = {isa = PBXFileReference; lastKnownFileType = file.storyboard; name = Base; path = Base.lproj/Main.storyboard; sourceTree = "<group>"; };
		488C8639273ADF4B007F0FE7 /* Assets.xcassets */ = {isa = PBXFileReference; lastKnownFileType = folder.assetcatalog; path = Assets.xcassets; sourceTree = "<group>"; };
		488C863C273ADF4B007F0FE7 /* Base */ = {isa = PBXFileReference; lastKnownFileType = file.storyboard; name = Base; path = Base.lproj/LaunchScreen.storyboard; sourceTree = "<group>"; };
		488C863E273ADF4B007F0FE7 /* Info.plist */ = {isa = PBXFileReference; lastKnownFileType = text.plist.xml; path = Info.plist; sourceTree = "<group>"; };
		488C8643273ADF4B007F0FE7 /* Na-atPeopleTests.xctest */ = {isa = PBXFileReference; explicitFileType = wrapper.cfbundle; includeInIndex = 0; path = "Na-atPeopleTests.xctest"; sourceTree = BUILT_PRODUCTS_DIR; };
		488C8647273ADF4B007F0FE7 /* Na_atPeopleTests.swift */ = {isa = PBXFileReference; lastKnownFileType = sourcecode.swift; path = Na_atPeopleTests.swift; sourceTree = "<group>"; };
		488C8649273ADF4B007F0FE7 /* Info.plist */ = {isa = PBXFileReference; lastKnownFileType = text.plist.xml; path = Info.plist; sourceTree = "<group>"; };
		488C864E273ADF4B007F0FE7 /* Na-atPeopleUITests.xctest */ = {isa = PBXFileReference; explicitFileType = wrapper.cfbundle; includeInIndex = 0; path = "Na-atPeopleUITests.xctest"; sourceTree = BUILT_PRODUCTS_DIR; };
		488C8652273ADF4B007F0FE7 /* Na_atPeopleUITests.swift */ = {isa = PBXFileReference; lastKnownFileType = sourcecode.swift; path = Na_atPeopleUITests.swift; sourceTree = "<group>"; };
		488C8654273ADF4B007F0FE7 /* Info.plist */ = {isa = PBXFileReference; lastKnownFileType = text.plist.xml; path = Info.plist; sourceTree = "<group>"; };
		488C8665273AE059007F0FE7 /* Constants.swift */ = {isa = PBXFileReference; lastKnownFileType = sourcecode.swift; path = Constants.swift; sourceTree = "<group>"; };
		489AF2D2273CD7170096C6B3 /* NewsCellTableViewCell.swift */ = {isa = PBXFileReference; lastKnownFileType = sourcecode.swift; path = NewsCellTableViewCell.swift; sourceTree = "<group>"; };
		489AF2D3273CD7170096C6B3 /* NewsCellTableViewCell.xib */ = {isa = PBXFileReference; lastKnownFileType = file.xib; path = NewsCellTableViewCell.xib; sourceTree = "<group>"; };
		48A01B66273F074F00FCDA92 /* ActivityRecordsTableViewCell.swift */ = {isa = PBXFileReference; lastKnownFileType = sourcecode.swift; path = ActivityRecordsTableViewCell.swift; sourceTree = "<group>"; };
		48A01B67273F074F00FCDA92 /* ActivityRecordsTableViewCell.xib */ = {isa = PBXFileReference; lastKnownFileType = file.xib; path = ActivityRecordsTableViewCell.xib; sourceTree = "<group>"; };
		48DDE95C273C1EFA0027CBCB /* Response.swift */ = {isa = PBXFileReference; lastKnownFileType = sourcecode.swift; path = Response.swift; sourceTree = "<group>"; };
		48DDE95E273C1F080027CBCB /* Request.swift */ = {isa = PBXFileReference; lastKnownFileType = sourcecode.swift; path = Request.swift; sourceTree = "<group>"; };
		48DDE960273C39D00027CBCB /* TabBarViewController.swift */ = {isa = PBXFileReference; lastKnownFileType = sourcecode.swift; path = TabBarViewController.swift; sourceTree = "<group>"; };
		6B336EC90E9E209D3DA8FBD1 /* Pods_Na_atPeopleTests.framework */ = {isa = PBXFileReference; explicitFileType = wrapper.framework; includeInIndex = 0; path = Pods_Na_atPeopleTests.framework; sourceTree = BUILT_PRODUCTS_DIR; };
		967EE3AABFACE23B98C9117C /* Pods-Na-atPeopleTests.release.xcconfig */ = {isa = PBXFileReference; includeInIndex = 1; lastKnownFileType = text.xcconfig; name = "Pods-Na-atPeopleTests.release.xcconfig"; path = "Target Support Files/Pods-Na-atPeopleTests/Pods-Na-atPeopleTests.release.xcconfig"; sourceTree = "<group>"; };
		A4779B8A3782F96F2FA7A01D /* Pods-Na-atPeople.release.xcconfig */ = {isa = PBXFileReference; includeInIndex = 1; lastKnownFileType = text.xcconfig; name = "Pods-Na-atPeople.release.xcconfig"; path = "Target Support Files/Pods-Na-atPeople/Pods-Na-atPeople.release.xcconfig"; sourceTree = "<group>"; };
		D1E6C8ED015BC1273C125C59 /* Pods_Na_atPeople_Na_atPeopleUITests.framework */ = {isa = PBXFileReference; explicitFileType = wrapper.framework; includeInIndex = 0; path = Pods_Na_atPeople_Na_atPeopleUITests.framework; sourceTree = BUILT_PRODUCTS_DIR; };
/* End PBXFileReference section */

/* Begin PBXFrameworksBuildPhase section */
		488C862A273ADF4B007F0FE7 /* Frameworks */ = {
			isa = PBXFrameworksBuildPhase;
			buildActionMask = 2147483647;
			files = (
				3CA4576B926C91ED0809CC12 /* Pods_Na_atPeople.framework in Frameworks */,
			);
			runOnlyForDeploymentPostprocessing = 0;
		};
		488C8640273ADF4B007F0FE7 /* Frameworks */ = {
			isa = PBXFrameworksBuildPhase;
			buildActionMask = 2147483647;
			files = (
				1FD61E5380A81480B37A2035 /* Pods_Na_atPeopleTests.framework in Frameworks */,
			);
			runOnlyForDeploymentPostprocessing = 0;
		};
		488C864B273ADF4B007F0FE7 /* Frameworks */ = {
			isa = PBXFrameworksBuildPhase;
			buildActionMask = 2147483647;
			files = (
				1E4817F3283BB035EEEF19D6 /* Pods_Na_atPeople_Na_atPeopleUITests.framework in Frameworks */,
			);
			runOnlyForDeploymentPostprocessing = 0;
		};
/* End PBXFrameworksBuildPhase section */

/* Begin PBXGroup section */
		4815A7F4273AED4D00452D7D /* fonts */ = {
			isa = PBXGroup;
			children = (
				4815A7F5273AED4D00452D7D /* Proxima Nova SemiboldItalic.otf */,
				4815A7F6273AED4D00452D7D /* Europa Regular.ttf */,
				4815A7F7273AED4D00452D7D /* Nunito Sans Regular.ttf */,
				4815A7F8273AED4D00452D7D /* Proxima Nova RegularItalic.otf */,
				4815A7F9273AED4D00452D7D /* Nunito Sans BoldItalic.ttf */,
				4815A7FA273AED4D00452D7D /* Proxima Nova LightItalic.otf */,
				4815A7FB273AED4D00452D7D /* Europa Bold.ttf */,
				4815A7FC273AED4D00452D7D /* Nunito Sans SemiBoldItalic.ttf */,
			);
			name = fonts;
			path = ../../Downloads/fonts;
			sourceTree = "<group>";
		};
		4815A80F273BBB4000452D7D /* View */ = {
			isa = PBXGroup;
			children = (
				488C863B273ADF4B007F0FE7 /* LaunchScreen.storyboard */,
				488C8639273ADF4B007F0FE7 /* Assets.xcassets */,
				488C8636273ADF4B007F0FE7 /* Main.storyboard */,
				4815A812273BBF0B00452D7D /* HeaderView.swift */,
				4815A814273BBF2300452D7D /* HeaderView.xib */,
				4815A816273BBF5E00452D7D /* SecondHeaderView.swift */,
				4815A818273BBF6C00452D7D /* SecondHeaderView.xib */,
				489AF2D2273CD7170096C6B3 /* NewsCellTableViewCell.swift */,
				489AF2D3273CD7170096C6B3 /* NewsCellTableViewCell.xib */,
				48A01B66273F074F00FCDA92 /* ActivityRecordsTableViewCell.swift */,
				48A01B67273F074F00FCDA92 /* ActivityRecordsTableViewCell.xib */,
			);
			path = View;
			sourceTree = "<group>";
		};
		4815A810273BBB5500452D7D /* Model */ = {
			isa = PBXGroup;
			children = (
				48DDE95C273C1EFA0027CBCB /* Response.swift */,
				48DDE95E273C1F080027CBCB /* Request.swift */,
			);
			path = Model;
			sourceTree = "<group>";
		};
		4815A811273BBB9200452D7D /* Controller */ = {
			isa = PBXGroup;
			children = (
				488C8634273ADF4B007F0FE7 /* ViewController.swift */,
				4815A807273BB32C00452D7D /* HomeViewController.swift */,
				4815A809273BB40600452D7D /* NotificationViewController.swift */,
				4815A80B273BB41C00452D7D /* ActivityViewController.swift */,
				48DDE960273C39D00027CBCB /* TabBarViewController.swift */,
				483D955A273DA1CB0070B1B7 /* NewDetailViewController.swift */,
			);
			path = Controller;
			sourceTree = "<group>";
		};
		488C8624273ADF4B007F0FE7 = {
			isa = PBXGroup;
			children = (
				4815A7F4273AED4D00452D7D /* fonts */,
				488C862F273ADF4B007F0FE7 /* Na-atPeople */,
				488C8646273ADF4B007F0FE7 /* Na-atPeopleTests */,
				488C8651273ADF4B007F0FE7 /* Na-atPeopleUITests */,
				488C862E273ADF4B007F0FE7 /* Products */,
				A75318ACE9AD21989A00988A /* Pods */,
				97F8EB9D44EA7EC8BCDB2DCB /* Frameworks */,
			);
			sourceTree = "<group>";
		};
		488C862E273ADF4B007F0FE7 /* Products */ = {
			isa = PBXGroup;
			children = (
				488C862D273ADF4B007F0FE7 /* Na-atPeople.app */,
				488C8643273ADF4B007F0FE7 /* Na-atPeopleTests.xctest */,
				488C864E273ADF4B007F0FE7 /* Na-atPeopleUITests.xctest */,
			);
			name = Products;
			sourceTree = "<group>";
		};
		488C862F273ADF4B007F0FE7 /* Na-atPeople */ = {
			isa = PBXGroup;
			children = (
				48DDE95B273C1E700027CBCB /* Tools */,
				4815A811273BBB9200452D7D /* Controller */,
				4815A810273BBB5500452D7D /* Model */,
				4815A80F273BBB4000452D7D /* View */,
				488C863E273ADF4B007F0FE7 /* Info.plist */,
				483CDDA9273D07C7008C105F /* GoogleService-Info.plist */,
			);
			path = "Na-atPeople";
			sourceTree = "<group>";
		};
		488C8646273ADF4B007F0FE7 /* Na-atPeopleTests */ = {
			isa = PBXGroup;
			children = (
				488C8647273ADF4B007F0FE7 /* Na_atPeopleTests.swift */,
				488C8649273ADF4B007F0FE7 /* Info.plist */,
			);
			path = "Na-atPeopleTests";
			sourceTree = "<group>";
		};
		488C8651273ADF4B007F0FE7 /* Na-atPeopleUITests */ = {
			isa = PBXGroup;
			children = (
				488C8652273ADF4B007F0FE7 /* Na_atPeopleUITests.swift */,
				488C8654273ADF4B007F0FE7 /* Info.plist */,
			);
			path = "Na-atPeopleUITests";
			sourceTree = "<group>";
		};
		48DDE95B273C1E700027CBCB /* Tools */ = {
			isa = PBXGroup;
			children = (
				488C8632273ADF4B007F0FE7 /* SceneDelegate.swift */,
				4815A80D273BBAF400452D7D /* Tools.swift */,
				488C8630273ADF4B007F0FE7 /* AppDelegate.swift */,
				488C8665273AE059007F0FE7 /* Constants.swift */,
			);
			path = Tools;
			sourceTree = "<group>";
		};
		97F8EB9D44EA7EC8BCDB2DCB /* Frameworks */ = {
			isa = PBXGroup;
			children = (
				0202DC4DF55B254A2A9C09CD /* Pods_Na_atPeople.framework */,
				D1E6C8ED015BC1273C125C59 /* Pods_Na_atPeople_Na_atPeopleUITests.framework */,
				6B336EC90E9E209D3DA8FBD1 /* Pods_Na_atPeopleTests.framework */,
			);
			name = Frameworks;
			sourceTree = "<group>";
		};
		A75318ACE9AD21989A00988A /* Pods */ = {
			isa = PBXGroup;
			children = (
				431264F78861957F7DDA3D40 /* Pods-Na-atPeople.debug.xcconfig */,
				A4779B8A3782F96F2FA7A01D /* Pods-Na-atPeople.release.xcconfig */,
				22A53A9F17A66DE538082166 /* Pods-Na-atPeople-Na-atPeopleUITests.debug.xcconfig */,
				39DE27FA3AA1B705B6D48E77 /* Pods-Na-atPeople-Na-atPeopleUITests.release.xcconfig */,
				2265E0EE93BE6717DF5D5815 /* Pods-Na-atPeopleTests.debug.xcconfig */,
				967EE3AABFACE23B98C9117C /* Pods-Na-atPeopleTests.release.xcconfig */,
			);
			path = Pods;
			sourceTree = "<group>";
		};
/* End PBXGroup section */

/* Begin PBXNativeTarget section */
		488C862C273ADF4B007F0FE7 /* Na-atPeople */ = {
			isa = PBXNativeTarget;
			buildConfigurationList = 488C8657273ADF4B007F0FE7 /* Build configuration list for PBXNativeTarget "Na-atPeople" */;
			buildPhases = (
				B0677BC844879AFC7C184D64 /* [CP] Check Pods Manifest.lock */,
				488C8629273ADF4B007F0FE7 /* Sources */,
				488C862A273ADF4B007F0FE7 /* Frameworks */,
				488C862B273ADF4B007F0FE7 /* Resources */,
				55A5C529800F667257EFD6AE /* [CP] Embed Pods Frameworks */,
			);
			buildRules = (
			);
			dependencies = (
			);
			name = "Na-atPeople";
			productName = "Na-atPeople";
			productReference = 488C862D273ADF4B007F0FE7 /* Na-atPeople.app */;
			productType = "com.apple.product-type.application";
		};
		488C8642273ADF4B007F0FE7 /* Na-atPeopleTests */ = {
			isa = PBXNativeTarget;
			buildConfigurationList = 488C865A273ADF4B007F0FE7 /* Build configuration list for PBXNativeTarget "Na-atPeopleTests" */;
			buildPhases = (
				9C542540EDF59963DB594A94 /* [CP] Check Pods Manifest.lock */,
				488C863F273ADF4B007F0FE7 /* Sources */,
				488C8640273ADF4B007F0FE7 /* Frameworks */,
				488C8641273ADF4B007F0FE7 /* Resources */,
			);
			buildRules = (
			);
			dependencies = (
				488C8645273ADF4B007F0FE7 /* PBXTargetDependency */,
			);
			name = "Na-atPeopleTests";
			productName = "Na-atPeopleTests";
			productReference = 488C8643273ADF4B007F0FE7 /* Na-atPeopleTests.xctest */;
			productType = "com.apple.product-type.bundle.unit-test";
		};
		488C864D273ADF4B007F0FE7 /* Na-atPeopleUITests */ = {
			isa = PBXNativeTarget;
			buildConfigurationList = 488C865D273ADF4B007F0FE7 /* Build configuration list for PBXNativeTarget "Na-atPeopleUITests" */;
			buildPhases = (
				D9C483D9973C80A11045D53A /* [CP] Check Pods Manifest.lock */,
				488C864A273ADF4B007F0FE7 /* Sources */,
				488C864B273ADF4B007F0FE7 /* Frameworks */,
				488C864C273ADF4B007F0FE7 /* Resources */,
				5E06CA0A1F3D836992A4EC30 /* [CP] Embed Pods Frameworks */,
			);
			buildRules = (
			);
			dependencies = (
				488C8650273ADF4B007F0FE7 /* PBXTargetDependency */,
			);
			name = "Na-atPeopleUITests";
			productName = "Na-atPeopleUITests";
			productReference = 488C864E273ADF4B007F0FE7 /* Na-atPeopleUITests.xctest */;
			productType = "com.apple.product-type.bundle.ui-testing";
		};
/* End PBXNativeTarget section */

/* Begin PBXProject section */
		488C8625273ADF4B007F0FE7 /* Project object */ = {
			isa = PBXProject;
			attributes = {
				LastSwiftUpdateCheck = 1250;
				LastUpgradeCheck = 1250;
				TargetAttributes = {
					488C862C273ADF4B007F0FE7 = {
						CreatedOnToolsVersion = 12.5.1;
					};
					488C8642273ADF4B007F0FE7 = {
						CreatedOnToolsVersion = 12.5.1;
						TestTargetID = 488C862C273ADF4B007F0FE7;
					};
					488C864D273ADF4B007F0FE7 = {
						CreatedOnToolsVersion = 12.5.1;
						TestTargetID = 488C862C273ADF4B007F0FE7;
					};
				};
			};
			buildConfigurationList = 488C8628273ADF4B007F0FE7 /* Build configuration list for PBXProject "Na-atPeople" */;
			compatibilityVersion = "Xcode 9.3";
			developmentRegion = en;
			hasScannedForEncodings = 0;
			knownRegions = (
				en,
				Base,
			);
			mainGroup = 488C8624273ADF4B007F0FE7;
			productRefGroup = 488C862E273ADF4B007F0FE7 /* Products */;
			projectDirPath = "";
			projectRoot = "";
			targets = (
				488C862C273ADF4B007F0FE7 /* Na-atPeople */,
				488C8642273ADF4B007F0FE7 /* Na-atPeopleTests */,
				488C864D273ADF4B007F0FE7 /* Na-atPeopleUITests */,
			);
		};
/* End PBXProject section */

/* Begin PBXResourcesBuildPhase section */
		488C862B273ADF4B007F0FE7 /* Resources */ = {
			isa = PBXResourcesBuildPhase;
			buildActionMask = 2147483647;
			files = (
				4815A800273AEFB700452D7D /* Europa Regular.ttf in Resources */,
				4815A819273BBF6C00452D7D /* SecondHeaderView.xib in Resources */,
				483CDDAA273D07C7008C105F /* GoogleService-Info.plist in Resources */,
				489AF2D5273CD7170096C6B3 /* NewsCellTableViewCell.xib in Resources */,
				4815A7FE273AEFA900452D7D /* Proxima Nova LightItalic.otf in Resources */,
				4815A7FD273AEFA400452D7D /* Europa Bold.ttf in Resources */,
				48A01B69273F074F00FCDA92 /* ActivityRecordsTableViewCell.xib in Resources */,
				4815A815273BBF2300452D7D /* HeaderView.xib in Resources */,
				488C863D273ADF4B007F0FE7 /* LaunchScreen.storyboard in Resources */,
				4815A802273AEFC400452D7D /* Proxima Nova RegularItalic.otf in Resources */,
				488C863A273ADF4B007F0FE7 /* Assets.xcassets in Resources */,
				488C8638273ADF4B007F0FE7 /* Main.storyboard in Resources */,
				4815A7FF273AEFAC00452D7D /* Proxima Nova SemiboldItalic.otf in Resources */,
				4815A801273AEFC100452D7D /* Nunito Sans Regular.ttf in Resources */,
				4815A803273AEFCA00452D7D /* Nunito Sans BoldItalic.ttf in Resources */,
				4815A804273AEFD500452D7D /* Nunito Sans SemiBoldItalic.ttf in Resources */,
			);
			runOnlyForDeploymentPostprocessing = 0;
		};
		488C8641273ADF4B007F0FE7 /* Resources */ = {
			isa = PBXResourcesBuildPhase;
			buildActionMask = 2147483647;
			files = (
				4815A805273AEFF500452D7D /* Europa Bold.ttf in Resources */,
			);
			runOnlyForDeploymentPostprocessing = 0;
		};
		488C864C273ADF4B007F0FE7 /* Resources */ = {
			isa = PBXResourcesBuildPhase;
			buildActionMask = 2147483647;
			files = (
				4815A806273AEFF600452D7D /* Europa Bold.ttf in Resources */,
			);
			runOnlyForDeploymentPostprocessing = 0;
		};
/* End PBXResourcesBuildPhase section */

/* Begin PBXShellScriptBuildPhase section */
		55A5C529800F667257EFD6AE /* [CP] Embed Pods Frameworks */ = {
			isa = PBXShellScriptBuildPhase;
			buildActionMask = 2147483647;
			files = (
			);
			inputFileListPaths = (
				"${PODS_ROOT}/Target Support Files/Pods-Na-atPeople/Pods-Na-atPeople-frameworks-${CONFIGURATION}-input-files.xcfilelist",
			);
			name = "[CP] Embed Pods Frameworks";
			outputFileListPaths = (
				"${PODS_ROOT}/Target Support Files/Pods-Na-atPeople/Pods-Na-atPeople-frameworks-${CONFIGURATION}-output-files.xcfilelist",
			);
			runOnlyForDeploymentPostprocessing = 0;
			shellPath = /bin/sh;
			shellScript = "\"${PODS_ROOT}/Target Support Files/Pods-Na-atPeople/Pods-Na-atPeople-frameworks.sh\"\n";
			showEnvVarsInLog = 0;
		};
		5E06CA0A1F3D836992A4EC30 /* [CP] Embed Pods Frameworks */ = {
			isa = PBXShellScriptBuildPhase;
			buildActionMask = 2147483647;
			files = (
			);
			inputFileListPaths = (
				"${PODS_ROOT}/Target Support Files/Pods-Na-atPeople-Na-atPeopleUITests/Pods-Na-atPeople-Na-atPeopleUITests-frameworks-${CONFIGURATION}-input-files.xcfilelist",
			);
			name = "[CP] Embed Pods Frameworks";
			outputFileListPaths = (
				"${PODS_ROOT}/Target Support Files/Pods-Na-atPeople-Na-atPeopleUITests/Pods-Na-atPeople-Na-atPeopleUITests-frameworks-${CONFIGURATION}-output-files.xcfilelist",
			);
			runOnlyForDeploymentPostprocessing = 0;
			shellPath = /bin/sh;
			shellScript = "\"${PODS_ROOT}/Target Support Files/Pods-Na-atPeople-Na-atPeopleUITests/Pods-Na-atPeople-Na-atPeopleUITests-frameworks.sh\"\n";
			showEnvVarsInLog = 0;
		};
		9C542540EDF59963DB594A94 /* [CP] Check Pods Manifest.lock */ = {
			isa = PBXShellScriptBuildPhase;
			buildActionMask = 2147483647;
			files = (
			);
			inputFileListPaths = (
			);
			inputPaths = (
				"${PODS_PODFILE_DIR_PATH}/Podfile.lock",
				"${PODS_ROOT}/Manifest.lock",
			);
			name = "[CP] Check Pods Manifest.lock";
			outputFileListPaths = (
			);
			outputPaths = (
				"$(DERIVED_FILE_DIR)/Pods-Na-atPeopleTests-checkManifestLockResult.txt",
			);
			runOnlyForDeploymentPostprocessing = 0;
			shellPath = /bin/sh;
			shellScript = "diff \"${PODS_PODFILE_DIR_PATH}/Podfile.lock\" \"${PODS_ROOT}/Manifest.lock\" > /dev/null\nif [ $? != 0 ] ; then\n    # print error to STDERR\n    echo \"error: The sandbox is not in sync with the Podfile.lock. Run 'pod install' or update your CocoaPods installation.\" >&2\n    exit 1\nfi\n# This output is used by Xcode 'outputs' to avoid re-running this script phase.\necho \"SUCCESS\" > \"${SCRIPT_OUTPUT_FILE_0}\"\n";
			showEnvVarsInLog = 0;
		};
		B0677BC844879AFC7C184D64 /* [CP] Check Pods Manifest.lock */ = {
			isa = PBXShellScriptBuildPhase;
			buildActionMask = 2147483647;
			files = (
			);
			inputFileListPaths = (
			);
			inputPaths = (
				"${PODS_PODFILE_DIR_PATH}/Podfile.lock",
				"${PODS_ROOT}/Manifest.lock",
			);
			name = "[CP] Check Pods Manifest.lock";
			outputFileListPaths = (
			);
			outputPaths = (
				"$(DERIVED_FILE_DIR)/Pods-Na-atPeople-checkManifestLockResult.txt",
			);
			runOnlyForDeploymentPostprocessing = 0;
			shellPath = /bin/sh;
			shellScript = "diff \"${PODS_PODFILE_DIR_PATH}/Podfile.lock\" \"${PODS_ROOT}/Manifest.lock\" > /dev/null\nif [ $? != 0 ] ; then\n    # print error to STDERR\n    echo \"error: The sandbox is not in sync with the Podfile.lock. Run 'pod install' or update your CocoaPods installation.\" >&2\n    exit 1\nfi\n# This output is used by Xcode 'outputs' to avoid re-running this script phase.\necho \"SUCCESS\" > \"${SCRIPT_OUTPUT_FILE_0}\"\n";
			showEnvVarsInLog = 0;
		};
		D9C483D9973C80A11045D53A /* [CP] Check Pods Manifest.lock */ = {
			isa = PBXShellScriptBuildPhase;
			buildActionMask = 2147483647;
			files = (
			);
			inputFileListPaths = (
			);
			inputPaths = (
				"${PODS_PODFILE_DIR_PATH}/Podfile.lock",
				"${PODS_ROOT}/Manifest.lock",
			);
			name = "[CP] Check Pods Manifest.lock";
			outputFileListPaths = (
			);
			outputPaths = (
				"$(DERIVED_FILE_DIR)/Pods-Na-atPeople-Na-atPeopleUITests-checkManifestLockResult.txt",
			);
			runOnlyForDeploymentPostprocessing = 0;
			shellPath = /bin/sh;
			shellScript = "diff \"${PODS_PODFILE_DIR_PATH}/Podfile.lock\" \"${PODS_ROOT}/Manifest.lock\" > /dev/null\nif [ $? != 0 ] ; then\n    # print error to STDERR\n    echo \"error: The sandbox is not in sync with the Podfile.lock. Run 'pod install' or update your CocoaPods installation.\" >&2\n    exit 1\nfi\n# This output is used by Xcode 'outputs' to avoid re-running this script phase.\necho \"SUCCESS\" > \"${SCRIPT_OUTPUT_FILE_0}\"\n";
			showEnvVarsInLog = 0;
		};
/* End PBXShellScriptBuildPhase section */

/* Begin PBXSourcesBuildPhase section */
		488C8629273ADF4B007F0FE7 /* Sources */ = {
			isa = PBXSourcesBuildPhase;
			buildActionMask = 2147483647;
			files = (
				4815A808273BB32D00452D7D /* HomeViewController.swift in Sources */,
				48DDE95F273C1F080027CBCB /* Request.swift in Sources */,
				4815A813273BBF0B00452D7D /* HeaderView.swift in Sources */,
				488C8635273ADF4B007F0FE7 /* ViewController.swift in Sources */,
				4815A80A273BB40600452D7D /* NotificationViewController.swift in Sources */,
				488C8631273ADF4B007F0FE7 /* AppDelegate.swift in Sources */,
				4815A80C273BB41C00452D7D /* ActivityViewController.swift in Sources */,
				488C8633273ADF4B007F0FE7 /* SceneDelegate.swift in Sources */,
				489AF2D4273CD7170096C6B3 /* NewsCellTableViewCell.swift in Sources */,
				48DDE95D273C1EFA0027CBCB /* Response.swift in Sources */,
				488C8666273AE059007F0FE7 /* Constants.swift in Sources */,
				48A01B68273F074F00FCDA92 /* ActivityRecordsTableViewCell.swift in Sources */,
				48DDE961273C39D00027CBCB /* TabBarViewController.swift in Sources */,
				4815A80E273BBAF400452D7D /* Tools.swift in Sources */,
				483D955B273DA1CB0070B1B7 /* NewDetailViewController.swift in Sources */,
				4815A817273BBF5E00452D7D /* SecondHeaderView.swift in Sources */,
			);
			runOnlyForDeploymentPostprocessing = 0;
		};
		488C863F273ADF4B007F0FE7 /* Sources */ = {
			isa = PBXSourcesBuildPhase;
			buildActionMask = 2147483647;
			files = (
				488C8648273ADF4B007F0FE7 /* Na_atPeopleTests.swift in Sources */,
			);
			runOnlyForDeploymentPostprocessing = 0;
		};
		488C864A273ADF4B007F0FE7 /* Sources */ = {
			isa = PBXSourcesBuildPhase;
			buildActionMask = 2147483647;
			files = (
				488C8653273ADF4B007F0FE7 /* Na_atPeopleUITests.swift in Sources */,
			);
			runOnlyForDeploymentPostprocessing = 0;
		};
/* End PBXSourcesBuildPhase section */

/* Begin PBXTargetDependency section */
		488C8645273ADF4B007F0FE7 /* PBXTargetDependency */ = {
			isa = PBXTargetDependency;
			target = 488C862C273ADF4B007F0FE7 /* Na-atPeople */;
			targetProxy = 488C8644273ADF4B007F0FE7 /* PBXContainerItemProxy */;
		};
		488C8650273ADF4B007F0FE7 /* PBXTargetDependency */ = {
			isa = PBXTargetDependency;
			target = 488C862C273ADF4B007F0FE7 /* Na-atPeople */;
			targetProxy = 488C864F273ADF4B007F0FE7 /* PBXContainerItemProxy */;
		};
/* End PBXTargetDependency section */

/* Begin PBXVariantGroup section */
		488C8636273ADF4B007F0FE7 /* Main.storyboard */ = {
			isa = PBXVariantGroup;
			children = (
				488C8637273ADF4B007F0FE7 /* Base */,
			);
			name = Main.storyboard;
			sourceTree = "<group>";
		};
		488C863B273ADF4B007F0FE7 /* LaunchScreen.storyboard */ = {
			isa = PBXVariantGroup;
			children = (
				488C863C273ADF4B007F0FE7 /* Base */,
			);
			name = LaunchScreen.storyboard;
			sourceTree = "<group>";
		};
/* End PBXVariantGroup section */

/* Begin XCBuildConfiguration section */
		488C8655273ADF4B007F0FE7 /* Debug */ = {
			isa = XCBuildConfiguration;
			buildSettings = {
				ALWAYS_SEARCH_USER_PATHS = NO;
				CLANG_ANALYZER_NONNULL = YES;
				CLANG_ANALYZER_NUMBER_OBJECT_CONVERSION = YES_AGGRESSIVE;
				CLANG_CXX_LANGUAGE_STANDARD = "gnu++14";
				CLANG_CXX_LIBRARY = "libc++";
				CLANG_ENABLE_MODULES = YES;
				CLANG_ENABLE_OBJC_ARC = YES;
				CLANG_ENABLE_OBJC_WEAK = YES;
				CLANG_WARN_BLOCK_CAPTURE_AUTORELEASING = YES;
				CLANG_WARN_BOOL_CONVERSION = YES;
				CLANG_WARN_COMMA = YES;
				CLANG_WARN_CONSTANT_CONVERSION = YES;
				CLANG_WARN_DEPRECATED_OBJC_IMPLEMENTATIONS = YES;
				CLANG_WARN_DIRECT_OBJC_ISA_USAGE = YES_ERROR;
				CLANG_WARN_DOCUMENTATION_COMMENTS = YES;
				CLANG_WARN_EMPTY_BODY = YES;
				CLANG_WARN_ENUM_CONVERSION = YES;
				CLANG_WARN_INFINITE_RECURSION = YES;
				CLANG_WARN_INT_CONVERSION = YES;
				CLANG_WARN_NON_LITERAL_NULL_CONVERSION = YES;
				CLANG_WARN_OBJC_IMPLICIT_RETAIN_SELF = YES;
				CLANG_WARN_OBJC_LITERAL_CONVERSION = YES;
				CLANG_WARN_OBJC_ROOT_CLASS = YES_ERROR;
				CLANG_WARN_QUOTED_INCLUDE_IN_FRAMEWORK_HEADER = YES;
				CLANG_WARN_RANGE_LOOP_ANALYSIS = YES;
				CLANG_WARN_STRICT_PROTOTYPES = YES;
				CLANG_WARN_SUSPICIOUS_MOVE = YES;
				CLANG_WARN_UNGUARDED_AVAILABILITY = YES_AGGRESSIVE;
				CLANG_WARN_UNREACHABLE_CODE = YES;
				CLANG_WARN__DUPLICATE_METHOD_MATCH = YES;
				COPY_PHASE_STRIP = NO;
				DEBUG_INFORMATION_FORMAT = dwarf;
				ENABLE_STRICT_OBJC_MSGSEND = YES;
				ENABLE_TESTABILITY = YES;
				GCC_C_LANGUAGE_STANDARD = gnu11;
				GCC_DYNAMIC_NO_PIC = NO;
				GCC_NO_COMMON_BLOCKS = YES;
				GCC_OPTIMIZATION_LEVEL = 0;
				GCC_PREPROCESSOR_DEFINITIONS = (
					"DEBUG=1",
					"$(inherited)",
				);
				GCC_WARN_64_TO_32_BIT_CONVERSION = YES;
				GCC_WARN_ABOUT_RETURN_TYPE = YES_ERROR;
				GCC_WARN_UNDECLARED_SELECTOR = YES;
				GCC_WARN_UNINITIALIZED_AUTOS = YES_AGGRESSIVE;
				GCC_WARN_UNUSED_FUNCTION = YES;
				GCC_WARN_UNUSED_VARIABLE = YES;
				IPHONEOS_DEPLOYMENT_TARGET = 14.5;
				MTL_ENABLE_DEBUG_INFO = INCLUDE_SOURCE;
				MTL_FAST_MATH = YES;
				ONLY_ACTIVE_ARCH = YES;
				SDKROOT = iphoneos;
				SWIFT_ACTIVE_COMPILATION_CONDITIONS = DEBUG;
				SWIFT_OPTIMIZATION_LEVEL = "-Onone";
			};
			name = Debug;
		};
		488C8656273ADF4B007F0FE7 /* Release */ = {
			isa = XCBuildConfiguration;
			buildSettings = {
				ALWAYS_SEARCH_USER_PATHS = NO;
				CLANG_ANALYZER_NONNULL = YES;
				CLANG_ANALYZER_NUMBER_OBJECT_CONVERSION = YES_AGGRESSIVE;
				CLANG_CXX_LANGUAGE_STANDARD = "gnu++14";
				CLANG_CXX_LIBRARY = "libc++";
				CLANG_ENABLE_MODULES = YES;
				CLANG_ENABLE_OBJC_ARC = YES;
				CLANG_ENABLE_OBJC_WEAK = YES;
				CLANG_WARN_BLOCK_CAPTURE_AUTORELEASING = YES;
				CLANG_WARN_BOOL_CONVERSION = YES;
				CLANG_WARN_COMMA = YES;
				CLANG_WARN_CONSTANT_CONVERSION = YES;
				CLANG_WARN_DEPRECATED_OBJC_IMPLEMENTATIONS = YES;
				CLANG_WARN_DIRECT_OBJC_ISA_USAGE = YES_ERROR;
				CLANG_WARN_DOCUMENTATION_COMMENTS = YES;
				CLANG_WARN_EMPTY_BODY = YES;
				CLANG_WARN_ENUM_CONVERSION = YES;
				CLANG_WARN_INFINITE_RECURSION = YES;
				CLANG_WARN_INT_CONVERSION = YES;
				CLANG_WARN_NON_LITERAL_NULL_CONVERSION = YES;
				CLANG_WARN_OBJC_IMPLICIT_RETAIN_SELF = YES;
				CLANG_WARN_OBJC_LITERAL_CONVERSION = YES;
				CLANG_WARN_OBJC_ROOT_CLASS = YES_ERROR;
				CLANG_WARN_QUOTED_INCLUDE_IN_FRAMEWORK_HEADER = YES;
				CLANG_WARN_RANGE_LOOP_ANALYSIS = YES;
				CLANG_WARN_STRICT_PROTOTYPES = YES;
				CLANG_WARN_SUSPICIOUS_MOVE = YES;
				CLANG_WARN_UNGUARDED_AVAILABILITY = YES_AGGRESSIVE;
				CLANG_WARN_UNREACHABLE_CODE = YES;
				CLANG_WARN__DUPLICATE_METHOD_MATCH = YES;
				COPY_PHASE_STRIP = NO;
				DEBUG_INFORMATION_FORMAT = "dwarf-with-dsym";
				ENABLE_NS_ASSERTIONS = NO;
				ENABLE_STRICT_OBJC_MSGSEND = YES;
				GCC_C_LANGUAGE_STANDARD = gnu11;
				GCC_NO_COMMON_BLOCKS = YES;
				GCC_WARN_64_TO_32_BIT_CONVERSION = YES;
				GCC_WARN_ABOUT_RETURN_TYPE = YES_ERROR;
				GCC_WARN_UNDECLARED_SELECTOR = YES;
				GCC_WARN_UNINITIALIZED_AUTOS = YES_AGGRESSIVE;
				GCC_WARN_UNUSED_FUNCTION = YES;
				GCC_WARN_UNUSED_VARIABLE = YES;
				IPHONEOS_DEPLOYMENT_TARGET = 14.5;
				MTL_ENABLE_DEBUG_INFO = NO;
				MTL_FAST_MATH = YES;
				SDKROOT = iphoneos;
				SWIFT_COMPILATION_MODE = wholemodule;
				SWIFT_OPTIMIZATION_LEVEL = "-O";
				VALIDATE_PRODUCT = YES;
			};
			name = Release;
		};
		488C8658273ADF4B007F0FE7 /* Debug */ = {
			isa = XCBuildConfiguration;
			baseConfigurationReference = 431264F78861957F7DDA3D40 /* Pods-Na-atPeople.debug.xcconfig */;
			buildSettings = {
				ASSETCATALOG_COMPILER_APPICON_NAME = AppIcon;
				ASSETCATALOG_COMPILER_GLOBAL_ACCENT_COLOR_NAME = AccentColor;
				CODE_SIGN_STYLE = Automatic;
				INFOPLIST_FILE = "Na-atPeople/Info.plist";
				LD_RUNPATH_SEARCH_PATHS = (
					"$(inherited)",
					"@executable_path/Frameworks",
				);
				PRODUCT_BUNDLE_IDENTIFIER = "mx.com.na-at.Na-atPeople";
				PRODUCT_NAME = "$(TARGET_NAME)";
				SWIFT_VERSION = 5.0;
				TARGETED_DEVICE_FAMILY = "1,2";
			};
			name = Debug;
		};
		488C8659273ADF4B007F0FE7 /* Release */ = {
			isa = XCBuildConfiguration;
			baseConfigurationReference = A4779B8A3782F96F2FA7A01D /* Pods-Na-atPeople.release.xcconfig */;
			buildSettings = {
				ASSETCATALOG_COMPILER_APPICON_NAME = AppIcon;
				ASSETCATALOG_COMPILER_GLOBAL_ACCENT_COLOR_NAME = AccentColor;
				CODE_SIGN_STYLE = Automatic;
				INFOPLIST_FILE = "Na-atPeople/Info.plist";
				LD_RUNPATH_SEARCH_PATHS = (
					"$(inherited)",
					"@executable_path/Frameworks",
				);
				PRODUCT_BUNDLE_IDENTIFIER = "mx.com.na-at.Na-atPeople";
				PRODUCT_NAME = "$(TARGET_NAME)";
				SWIFT_VERSION = 5.0;
				TARGETED_DEVICE_FAMILY = "1,2";
			};
			name = Release;
		};
		488C865B273ADF4B007F0FE7 /* Debug */ = {
			isa = XCBuildConfiguration;
			baseConfigurationReference = 2265E0EE93BE6717DF5D5815 /* Pods-Na-atPeopleTests.debug.xcconfig */;
			buildSettings = {
				ALWAYS_EMBED_SWIFT_STANDARD_LIBRARIES = YES;
				BUNDLE_LOADER = "$(TEST_HOST)";
				CODE_SIGN_STYLE = Automatic;
				INFOPLIST_FILE = "Na-atPeopleTests/Info.plist";
				IPHONEOS_DEPLOYMENT_TARGET = 14.5;
				LD_RUNPATH_SEARCH_PATHS = (
					"$(inherited)",
					"@executable_path/Frameworks",
					"@loader_path/Frameworks",
				);
				PRODUCT_BUNDLE_IDENTIFIER = "mx.com.na-at.Na-atPeopleTests";
				PRODUCT_NAME = "$(TARGET_NAME)";
				SWIFT_VERSION = 5.0;
				TARGETED_DEVICE_FAMILY = "1,2";
				TEST_HOST = "$(BUILT_PRODUCTS_DIR)/Na-atPeople.app/Na-atPeople";
			};
			name = Debug;
		};
		488C865C273ADF4B007F0FE7 /* Release */ = {
			isa = XCBuildConfiguration;
			baseConfigurationReference = 967EE3AABFACE23B98C9117C /* Pods-Na-atPeopleTests.release.xcconfig */;
			buildSettings = {
				ALWAYS_EMBED_SWIFT_STANDARD_LIBRARIES = YES;
				BUNDLE_LOADER = "$(TEST_HOST)";
				CODE_SIGN_STYLE = Automatic;
				INFOPLIST_FILE = "Na-atPeopleTests/Info.plist";
				IPHONEOS_DEPLOYMENT_TARGET = 14.5;
				LD_RUNPATH_SEARCH_PATHS = (
					"$(inherited)",
					"@executable_path/Frameworks",
					"@loader_path/Frameworks",
				);
				PRODUCT_BUNDLE_IDENTIFIER = "mx.com.na-at.Na-atPeopleTests";
				PRODUCT_NAME = "$(TARGET_NAME)";
				SWIFT_VERSION = 5.0;
				TARGETED_DEVICE_FAMILY = "1,2";
				TEST_HOST = "$(BUILT_PRODUCTS_DIR)/Na-atPeople.app/Na-atPeople";
			};
			name = Release;
		};
		488C865E273ADF4B007F0FE7 /* Debug */ = {
			isa = XCBuildConfiguration;
			baseConfigurationReference = 22A53A9F17A66DE538082166 /* Pods-Na-atPeople-Na-atPeopleUITests.debug.xcconfig */;
			buildSettings = {
				ALWAYS_EMBED_SWIFT_STANDARD_LIBRARIES = YES;
				CODE_SIGN_STYLE = Automatic;
				INFOPLIST_FILE = "Na-atPeopleUITests/Info.plist";
				LD_RUNPATH_SEARCH_PATHS = (
					"$(inherited)",
					"@executable_path/Frameworks",
					"@loader_path/Frameworks",
				);
				PRODUCT_BUNDLE_IDENTIFIER = "mx.com.na-at.Na-atPeopleUITests";
				PRODUCT_NAME = "$(TARGET_NAME)";
				SWIFT_VERSION = 5.0;
				TARGETED_DEVICE_FAMILY = "1,2";
				TEST_TARGET_NAME = "Na-atPeople";
			};
			name = Debug;
		};
		488C865F273ADF4B007F0FE7 /* Release */ = {
			isa = XCBuildConfiguration;
			baseConfigurationReference = 39DE27FA3AA1B705B6D48E77 /* Pods-Na-atPeople-Na-atPeopleUITests.release.xcconfig */;
			buildSettings = {
				ALWAYS_EMBED_SWIFT_STANDARD_LIBRARIES = YES;
				CODE_SIGN_STYLE = Automatic;
				INFOPLIST_FILE = "Na-atPeopleUITests/Info.plist";
				LD_RUNPATH_SEARCH_PATHS = (
					"$(inherited)",
					"@executable_path/Frameworks",
					"@loader_path/Frameworks",
				);
				PRODUCT_BUNDLE_IDENTIFIER = "mx.com.na-at.Na-atPeopleUITests";
				PRODUCT_NAME = "$(TARGET_NAME)";
				SWIFT_VERSION = 5.0;
				TARGETED_DEVICE_FAMILY = "1,2";
				TEST_TARGET_NAME = "Na-atPeople";
			};
			name = Release;
		};
/* End XCBuildConfiguration section */

/* Begin XCConfigurationList section */
		488C8628273ADF4B007F0FE7 /* Build configuration list for PBXProject "Na-atPeople" */ = {
			isa = XCConfigurationList;
			buildConfigurations = (
				488C8655273ADF4B007F0FE7 /* Debug */,
				488C8656273ADF4B007F0FE7 /* Release */,
			);
			defaultConfigurationIsVisible = 0;
			defaultConfigurationName = Release;
		};
		488C8657273ADF4B007F0FE7 /* Build configuration list for PBXNativeTarget "Na-atPeople" */ = {
			isa = XCConfigurationList;
			buildConfigurations = (
				488C8658273ADF4B007F0FE7 /* Debug */,
				488C8659273ADF4B007F0FE7 /* Release */,
			);
			defaultConfigurationIsVisible = 0;
			defaultConfigurationName = Release;
		};
		488C865A273ADF4B007F0FE7 /* Build configuration list for PBXNativeTarget "Na-atPeopleTests" */ = {
			isa = XCConfigurationList;
			buildConfigurations = (
				488C865B273ADF4B007F0FE7 /* Debug */,
				488C865C273ADF4B007F0FE7 /* Release */,
			);
			defaultConfigurationIsVisible = 0;
			defaultConfigurationName = Release;
		};
		488C865D273ADF4B007F0FE7 /* Build configuration list for PBXNativeTarget "Na-atPeopleUITests" */ = {
			isa = XCConfigurationList;
			buildConfigurations = (
				488C865E273ADF4B007F0FE7 /* Debug */,
				488C865F273ADF4B007F0FE7 /* Release */,
			);
			defaultConfigurationIsVisible = 0;
			defaultConfigurationName = Release;
		};
/* End XCConfigurationList section */
	};
	rootObject = 488C8625273ADF4B007F0FE7 /* Project object */;
}
